// !$*UTF8*$!
{
	archiveVersion = 1;
	classes = {
	};
	objectVersion = 46;
	objects = {

/* Begin PBXBuildFile section */
		965A3FCF23D1B66300C6A961 /* PhonemPlayer.swift in Sources */ = {isa = PBXBuildFile; fileRef = 965A3FCE23D1B66300C6A961 /* PhonemPlayer.swift */; };
		965A3FD123D1B77000C6A961 /* Phonems in Resources */ = {isa = PBXBuildFile; fileRef = 965A3FD023D1B77000C6A961 /* Phonems */; };
		96B785CD1E72D42A00ECABBC /* AppDelegate.swift in Sources */ = {isa = PBXBuildFile; fileRef = 96B785CC1E72D42A00ECABBC /* AppDelegate.swift */; };
		96B785CF1E72D42A00ECABBC /* ViewController.swift in Sources */ = {isa = PBXBuildFile; fileRef = 96B785CE1E72D42A00ECABBC /* ViewController.swift */; };
		96B785D11E72D42A00ECABBC /* Assets.xcassets in Resources */ = {isa = PBXBuildFile; fileRef = 96B785D01E72D42A00ECABBC /* Assets.xcassets */; };
		96B785D41E72D42A00ECABBC /* Main.storyboard in Resources */ = {isa = PBXBuildFile; fileRef = 96B785D21E72D42A00ECABBC /* Main.storyboard */; };
		96B785DC1E72D51900ECABBC /* TextViewVoiceFeedback.swift in Sources */ = {isa = PBXBuildFile; fileRef = 96B785DB1E72D51900ECABBC /* TextViewVoiceFeedback.swift */; };
		96B785DE1E72EB7900ECABBC /* OpenDyslexic-Regular.otf in Resources */ = {isa = PBXBuildFile; fileRef = 96B785DD1E72EB7900ECABBC /* OpenDyslexic-Regular.otf */; };
		96C03B631E74036A004BAC05 /* WindowController.swift in Sources */ = {isa = PBXBuildFile; fileRef = 96C03B621E74036A004BAC05 /* WindowController.swift */; };
		96C5B56723D1CE550031566B /* Defaults.swift in Sources */ = {isa = PBXBuildFile; fileRef = 96C5B56623D1CE550031566B /* Defaults.swift */; };
		96C5B56923D1DE350031566B /* Notifications.swift in Sources */ = {isa = PBXBuildFile; fileRef = 96C5B56823D1DE350031566B /* Notifications.swift */; };
		96EC59042254262500A044D6 /* Podfile in Resources */ = {isa = PBXBuildFile; fileRef = 96EC59032254262500A044D6 /* Podfile */; };
		C2F03F84BF204A74F94626AE /* Pods_TypeFeedback.framework in Frameworks */ = {isa = PBXBuildFile; fileRef = 1F7FD825635F143935AD5EFE /* Pods_TypeFeedback.framework */; };
/* End PBXBuildFile section */

/* Begin PBXFileReference section */
		1F7FD825635F143935AD5EFE /* Pods_TypeFeedback.framework */ = {isa = PBXFileReference; explicitFileType = wrapper.framework; includeInIndex = 0; path = Pods_TypeFeedback.framework; sourceTree = BUILT_PRODUCTS_DIR; };
		665D0435624947F72A8CF045 /* Pods-TypeFeedback.debug.xcconfig */ = {isa = PBXFileReference; includeInIndex = 1; lastKnownFileType = text.xcconfig; name = "Pods-TypeFeedback.debug.xcconfig"; path = "Pods/Target Support Files/Pods-TypeFeedback/Pods-TypeFeedback.debug.xcconfig"; sourceTree = "<group>"; };
		965A3FCE23D1B66300C6A961 /* PhonemPlayer.swift */ = {isa = PBXFileReference; lastKnownFileType = sourcecode.swift; path = PhonemPlayer.swift; sourceTree = "<group>"; };
		965A3FD023D1B77000C6A961 /* Phonems */ = {isa = PBXFileReference; lastKnownFileType = folder; name = Phonems; path = TypeFeedback/Phonems; sourceTree = "<group>"; };
		96B785C91E72D42A00ECABBC /* TypeFeedback.app */ = {isa = PBXFileReference; explicitFileType = wrapper.application; includeInIndex = 0; path = TypeFeedback.app; sourceTree = BUILT_PRODUCTS_DIR; };
		96B785CC1E72D42A00ECABBC /* AppDelegate.swift */ = {isa = PBXFileReference; lastKnownFileType = sourcecode.swift; path = AppDelegate.swift; sourceTree = "<group>"; };
		96B785CE1E72D42A00ECABBC /* ViewController.swift */ = {isa = PBXFileReference; lastKnownFileType = sourcecode.swift; path = ViewController.swift; sourceTree = "<group>"; };
		96B785D01E72D42A00ECABBC /* Assets.xcassets */ = {isa = PBXFileReference; lastKnownFileType = folder.assetcatalog; path = Assets.xcassets; sourceTree = "<group>"; };
		96B785D31E72D42A00ECABBC /* Base */ = {isa = PBXFileReference; lastKnownFileType = file.storyboard; name = Base; path = Base.lproj/Main.storyboard; sourceTree = "<group>"; };
		96B785D51E72D42A00ECABBC /* Info.plist */ = {isa = PBXFileReference; lastKnownFileType = text.plist.xml; path = Info.plist; sourceTree = "<group>"; };
		96B785DB1E72D51900ECABBC /* TextViewVoiceFeedback.swift */ = {isa = PBXFileReference; fileEncoding = 4; lastKnownFileType = sourcecode.swift; path = TextViewVoiceFeedback.swift; sourceTree = "<group>"; };
		96B785DD1E72EB7900ECABBC /* OpenDyslexic-Regular.otf */ = {isa = PBXFileReference; lastKnownFileType = file; path = "OpenDyslexic-Regular.otf"; sourceTree = "<group>"; };
		96C03B621E74036A004BAC05 /* WindowController.swift */ = {isa = PBXFileReference; fileEncoding = 4; lastKnownFileType = sourcecode.swift; path = WindowController.swift; sourceTree = "<group>"; };
		96C5B56623D1CE550031566B /* Defaults.swift */ = {isa = PBXFileReference; lastKnownFileType = sourcecode.swift; path = Defaults.swift; sourceTree = "<group>"; };
		96C5B56823D1DE350031566B /* Notifications.swift */ = {isa = PBXFileReference; lastKnownFileType = sourcecode.swift; path = Notifications.swift; sourceTree = "<group>"; };
		96C5B56A23D1E8A90031566B /* TypeFeedback.entitlements */ = {isa = PBXFileReference; lastKnownFileType = text.plist.entitlements; path = TypeFeedback.entitlements; sourceTree = "<group>"; };
		96EC59032254262500A044D6 /* Podfile */ = {isa = PBXFileReference; fileEncoding = 4; lastKnownFileType = text; path = Podfile; sourceTree = SOURCE_ROOT; xcLanguageSpecificationIdentifier = xcode.lang.ruby; };
		D85219FC36B2D6254A5E91CC /* Pods-TypeFeedback.release.xcconfig */ = {isa = PBXFileReference; includeInIndex = 1; lastKnownFileType = text.xcconfig; name = "Pods-TypeFeedback.release.xcconfig"; path = "Pods/Target Support Files/Pods-TypeFeedback/Pods-TypeFeedback.release.xcconfig"; sourceTree = "<group>"; };
/* End PBXFileReference section */

/* Begin PBXFrameworksBuildPhase section */
		96B785C61E72D42A00ECABBC /* Frameworks */ = {
			isa = PBXFrameworksBuildPhase;
			buildActionMask = 2147483647;
			files = (
				C2F03F84BF204A74F94626AE /* Pods_TypeFeedback.framework in Frameworks */,
			);
			runOnlyForDeploymentPostprocessing = 0;
		};
/* End PBXFrameworksBuildPhase section */

/* Begin PBXGroup section */
		96B785C01E72D42A00ECABBC = {
			isa = PBXGroup;
			children = (
				965A3FD023D1B77000C6A961 /* Phonems */,
				96B785CB1E72D42A00ECABBC /* TypeFeedback */,
				96B785CA1E72D42A00ECABBC /* Products */,
				F333743CE013C4916226BD3B /* Pods */,
				AABF77A70D273E165F5924DB /* Frameworks */,
			);
			sourceTree = "<group>";
		};
		96B785CA1E72D42A00ECABBC /* Products */ = {
			isa = PBXGroup;
			children = (
				96B785C91E72D42A00ECABBC /* TypeFeedback.app */,
			);
			name = Products;
			sourceTree = "<group>";
		};
		96B785CB1E72D42A00ECABBC /* TypeFeedback */ = {
			isa = PBXGroup;
			children = (
				96C5B56A23D1E8A90031566B /* TypeFeedback.entitlements */,
				96EC59032254262500A044D6 /* Podfile */,
				96B785CC1E72D42A00ECABBC /* AppDelegate.swift */,
				96B785CE1E72D42A00ECABBC /* ViewController.swift */,
				96C03B621E74036A004BAC05 /* WindowController.swift */,
				96C5B56623D1CE550031566B /* Defaults.swift */,
				96C5B56823D1DE350031566B /* Notifications.swift */,
				965A3FCE23D1B66300C6A961 /* PhonemPlayer.swift */,
				96B785D01E72D42A00ECABBC /* Assets.xcassets */,
				96B785D21E72D42A00ECABBC /* Main.storyboard */,
				96B785DB1E72D51900ECABBC /* TextViewVoiceFeedback.swift */,
				96B785D51E72D42A00ECABBC /* Info.plist */,
				96B785DD1E72EB7900ECABBC /* OpenDyslexic-Regular.otf */,
			);
			path = TypeFeedback;
			sourceTree = "<group>";
		};
		AABF77A70D273E165F5924DB /* Frameworks */ = {
			isa = PBXGroup;
			children = (
				1F7FD825635F143935AD5EFE /* Pods_TypeFeedback.framework */,
			);
			name = Frameworks;
			sourceTree = "<group>";
		};
		F333743CE013C4916226BD3B /* Pods */ = {
			isa = PBXGroup;
			children = (
				665D0435624947F72A8CF045 /* Pods-TypeFeedback.debug.xcconfig */,
				D85219FC36B2D6254A5E91CC /* Pods-TypeFeedback.release.xcconfig */,
			);
			name = Pods;
			sourceTree = "<group>";
		};
/* End PBXGroup section */

/* Begin PBXNativeTarget section */
		96B785C81E72D42A00ECABBC /* TypeFeedback */ = {
			isa = PBXNativeTarget;
			buildConfigurationList = 96B785D81E72D42A00ECABBC /* Build configuration list for PBXNativeTarget "TypeFeedback" */;
			buildPhases = (
				90DA1A06DCDF28AB473F8121 /* [CP] Check Pods Manifest.lock */,
				96B785C51E72D42A00ECABBC /* Sources */,
				96B785C61E72D42A00ECABBC /* Frameworks */,
				96B785C71E72D42A00ECABBC /* Resources */,
				C20F9E6F8BFBA49C5B96B413 /* [CP] Embed Pods Frameworks */,
			);
			buildRules = (
			);
			dependencies = (
			);
			name = TypeFeedback;
			productName = TypeFeedback;
			productReference = 96B785C91E72D42A00ECABBC /* TypeFeedback.app */;
			productType = "com.apple.product-type.application";
		};
/* End PBXNativeTarget section */

/* Begin PBXProject section */
		96B785C11E72D42A00ECABBC /* Project object */ = {
			isa = PBXProject;
			attributes = {
				LastSwiftUpdateCheck = 0820;
				LastUpgradeCheck = 0820;
				ORGANIZATIONNAME = "Daniel Schlaug";
				TargetAttributes = {
					96B785C81E72D42A00ECABBC = {
						CreatedOnToolsVersion = 8.2.1;
						DevelopmentTeam = M2N24428T4;
						ProvisioningStyle = Automatic;
					};
				};
			};
			buildConfigurationList = 96B785C41E72D42A00ECABBC /* Build configuration list for PBXProject "TypeFeedback" */;
			compatibilityVersion = "Xcode 3.2";
			developmentRegion = English;
			hasScannedForEncodings = 0;
			knownRegions = (
				English,
				en,
				Base,
			);
			mainGroup = 96B785C01E72D42A00ECABBC;
			productRefGroup = 96B785CA1E72D42A00ECABBC /* Products */;
			projectDirPath = "";
			projectRoot = "";
			targets = (
				96B785C81E72D42A00ECABBC /* TypeFeedback */,
			);
		};
/* End PBXProject section */

/* Begin PBXResourcesBuildPhase section */
		96B785C71E72D42A00ECABBC /* Resources */ = {
			isa = PBXResourcesBuildPhase;
			buildActionMask = 2147483647;
			files = (
				96B785DE1E72EB7900ECABBC /* OpenDyslexic-Regular.otf in Resources */,
				96B785D11E72D42A00ECABBC /* Assets.xcassets in Resources */,
				96EC59042254262500A044D6 /* Podfile in Resources */,
				96B785D41E72D42A00ECABBC /* Main.storyboard in Resources */,
				965A3FD123D1B77000C6A961 /* Phonems in Resources */,
			);
			runOnlyForDeploymentPostprocessing = 0;
		};
/* End PBXResourcesBuildPhase section */

/* Begin PBXShellScriptBuildPhase section */
		90DA1A06DCDF28AB473F8121 /* [CP] Check Pods Manifest.lock */ = {
			isa = PBXShellScriptBuildPhase;
			buildActionMask = 2147483647;
			files = (
			);
			inputPaths = (
				"${PODS_PODFILE_DIR_PATH}/Podfile.lock",
				"${PODS_ROOT}/Manifest.lock",
			);
			name = "[CP] Check Pods Manifest.lock";
			outputPaths = (
				"$(DERIVED_FILE_DIR)/Pods-TypeFeedback-checkManifestLockResult.txt",
			);
			runOnlyForDeploymentPostprocessing = 0;
			shellPath = /bin/sh;
			shellScript = "diff \"${PODS_PODFILE_DIR_PATH}/Podfile.lock\" \"${PODS_ROOT}/Manifest.lock\" > /dev/null\nif [ $? != 0 ] ; then\n    # print error to STDERR\n    echo \"error: The sandbox is not in sync with the Podfile.lock. Run 'pod install' or update your CocoaPods installation.\" >&2\n    exit 1\nfi\n# This output is used by Xcode 'outputs' to avoid re-running this script phase.\necho \"SUCCESS\" > \"${SCRIPT_OUTPUT_FILE_0}\"\n";
			showEnvVarsInLog = 0;
		};
		C20F9E6F8BFBA49C5B96B413 /* [CP] Embed Pods Frameworks */ = {
			isa = PBXShellScriptBuildPhase;
			buildActionMask = 2147483647;
			files = (
			);
			inputPaths = (
				"${PODS_ROOT}/Target Support Files/Pods-TypeFeedback/Pods-TypeFeedback-frameworks.sh",
				"${BUILT_PRODUCTS_DIR}/DynamicColor/DynamicColor.framework",
			);
			name = "[CP] Embed Pods Frameworks";
			outputPaths = (
				"${TARGET_BUILD_DIR}/${FRAMEWORKS_FOLDER_PATH}/DynamicColor.framework",
			);
			runOnlyForDeploymentPostprocessing = 0;
			shellPath = /bin/sh;
			shellScript = "\"${PODS_ROOT}/Target Support Files/Pods-TypeFeedback/Pods-TypeFeedback-frameworks.sh\"\n";
			showEnvVarsInLog = 0;
		};
/* End PBXShellScriptBuildPhase section */

/* Begin PBXSourcesBuildPhase section */
		96B785C51E72D42A00ECABBC /* Sources */ = {
			isa = PBXSourcesBuildPhase;
			buildActionMask = 2147483647;
			files = (
				96B785DC1E72D51900ECABBC /* TextViewVoiceFeedback.swift in Sources */,
				96C5B56923D1DE350031566B /* Notifications.swift in Sources */,
				96C03B631E74036A004BAC05 /* WindowController.swift in Sources */,
				96B785CF1E72D42A00ECABBC /* ViewController.swift in Sources */,
				96C5B56723D1CE550031566B /* Defaults.swift in Sources */,
				96B785CD1E72D42A00ECABBC /* AppDelegate.swift in Sources */,
				965A3FCF23D1B66300C6A961 /* PhonemPlayer.swift in Sources */,
			);
			runOnlyForDeploymentPostprocessing = 0;
		};
/* End PBXSourcesBuildPhase section */

/* Begin PBXVariantGroup section */
		96B785D21E72D42A00ECABBC /* Main.storyboard */ = {
			isa = PBXVariantGroup;
			children = (
				96B785D31E72D42A00ECABBC /* Base */,
			);
			name = Main.storyboard;
			sourceTree = "<group>";
		};
/* End PBXVariantGroup section */

/* Begin XCBuildConfiguration section */
		96B785D61E72D42A00ECABBC /* Debug */ = {
			isa = XCBuildConfiguration;
			buildSettings = {
				ALWAYS_SEARCH_USER_PATHS = NO;
				CLANG_ANALYZER_NONNULL = YES;
				CLANG_CXX_LANGUAGE_STANDARD = "gnu++0x";
				CLANG_CXX_LIBRARY = "libc++";
				CLANG_ENABLE_MODULES = YES;
				CLANG_ENABLE_OBJC_ARC = YES;
				CLANG_WARN_BOOL_CONVERSION = YES;
				CLANG_WARN_CONSTANT_CONVERSION = YES;
				CLANG_WARN_DIRECT_OBJC_ISA_USAGE = YES_ERROR;
				CLANG_WARN_DOCUMENTATION_COMMENTS = YES;
				CLANG_WARN_EMPTY_BODY = YES;
				CLANG_WARN_ENUM_CONVERSION = YES;
				CLANG_WARN_INFINITE_RECURSION = YES;
				CLANG_WARN_INT_CONVERSION = YES;
				CLANG_WARN_OBJC_ROOT_CLASS = YES_ERROR;
				CLANG_WARN_SUSPICIOUS_MOVE = YES;
				CLANG_WARN_UNREACHABLE_CODE = YES;
				CLANG_WARN__DUPLICATE_METHOD_MATCH = YES;
				CODE_SIGN_IDENTITY = "-";
				COPY_PHASE_STRIP = NO;
				DEBUG_INFORMATION_FORMAT = dwarf;
				ENABLE_HARDENED_RUNTIME = YES;
				ENABLE_STRICT_OBJC_MSGSEND = YES;
				ENABLE_TESTABILITY = YES;
				GCC_C_LANGUAGE_STANDARD = gnu99;
				GCC_DYNAMIC_NO_PIC = NO;
				GCC_NO_COMMON_BLOCKS = YES;
				GCC_OPTIMIZATION_LEVEL = 0;
				GCC_PREPROCESSOR_DEFINITIONS = (
					"DEBUG=1",
					"$(inherited)",
				);
				GCC_WARN_64_TO_32_BIT_CONVERSION = YES;
				GCC_WARN_ABOUT_RETURN_TYPE = YES_ERROR;
				GCC_WARN_UNDECLARED_SELECTOR = YES;
				GCC_WARN_UNINITIALIZED_AUTOS = YES_AGGRESSIVE;
				GCC_WARN_UNUSED_FUNCTION = YES;
				GCC_WARN_UNUSED_VARIABLE = YES;
				MACOSX_DEPLOYMENT_TARGET = 10.12;
				MTL_ENABLE_DEBUG_INFO = YES;
				ONLY_ACTIVE_ARCH = YES;
				SDKROOT = macosx;
				SWIFT_ACTIVE_COMPILATION_CONDITIONS = DEBUG;
				SWIFT_OPTIMIZATION_LEVEL = "-Onone";
			};
			name = Debug;
		};
		96B785D71E72D42A00ECABBC /* Release */ = {
			isa = XCBuildConfiguration;
			buildSettings = {
				ALWAYS_SEARCH_USER_PATHS = NO;
				CLANG_ANALYZER_NONNULL = YES;
				CLANG_CXX_LANGUAGE_STANDARD = "gnu++0x";
				CLANG_CXX_LIBRARY = "libc++";
				CLANG_ENABLE_MODULES = YES;
				CLANG_ENABLE_OBJC_ARC = YES;
				CLANG_WARN_BOOL_CONVERSION = YES;
				CLANG_WARN_CONSTANT_CONVERSION = YES;
				CLANG_WARN_DIRECT_OBJC_ISA_USAGE = YES_ERROR;
				CLANG_WARN_DOCUMENTATION_COMMENTS = YES;
				CLANG_WARN_EMPTY_BODY = YES;
				CLANG_WARN_ENUM_CONVERSION = YES;
				CLANG_WARN_INFINITE_RECURSION = YES;
				CLANG_WARN_INT_CONVERSION = YES;
				CLANG_WARN_OBJC_ROOT_CLASS = YES_ERROR;
				CLANG_WARN_SUSPICIOUS_MOVE = YES;
				CLANG_WARN_UNREACHABLE_CODE = YES;
				CLANG_WARN__DUPLICATE_METHOD_MATCH = YES;
				CODE_SIGN_IDENTITY = "-";
				COPY_PHASE_STRIP = NO;
				DEBUG_INFORMATION_FORMAT = "dwarf-with-dsym";
				ENABLE_HARDENED_RUNTIME = YES;
				ENABLE_NS_ASSERTIONS = NO;
				ENABLE_STRICT_OBJC_MSGSEND = YES;
				GCC_C_LANGUAGE_STANDARD = gnu99;
				GCC_NO_COMMON_BLOCKS = YES;
				GCC_WARN_64_TO_32_BIT_CONVERSION = YES;
				GCC_WARN_ABOUT_RETURN_TYPE = YES_ERROR;
				GCC_WARN_UNDECLARED_SELECTOR = YES;
				GCC_WARN_UNINITIALIZED_AUTOS = YES_AGGRESSIVE;
				GCC_WARN_UNUSED_FUNCTION = YES;
				GCC_WARN_UNUSED_VARIABLE = YES;
				MACOSX_DEPLOYMENT_TARGET = 10.12;
				MTL_ENABLE_DEBUG_INFO = NO;
				SDKROOT = macosx;
				SWIFT_OPTIMIZATION_LEVEL = "-Owholemodule";
			};
			name = Release;
		};
		96B785D91E72D42A00ECABBC /* Debug */ = {
			isa = XCBuildConfiguration;
			baseConfigurationReference = 665D0435624947F72A8CF045 /* Pods-TypeFeedback.debug.xcconfig */;
			buildSettings = {
				ASSETCATALOG_COMPILER_APPICON_NAME = AppIcon;
				CODE_SIGN_ENTITLEMENTS = TypeFeedback/TypeFeedback.entitlements;
				CODE_SIGN_IDENTITY = "Apple Development";
				CODE_SIGN_STYLE = Automatic;
				COMBINE_HIDPI_IMAGES = YES;
				CURRENT_PROJECT_VERSION = 5;
				DEVELOPMENT_TEAM = M2N24428T4;
				ENABLE_HARDENED_RUNTIME = YES;
				INFOPLIST_FILE = TypeFeedback/Info.plist;
				LD_RUNPATH_SEARCH_PATHS = "$(inherited) @executable_path/../Frameworks";
				MACOSX_DEPLOYMENT_TARGET = 10.11;
				MARKETING_VERSION = 1.2;
				PRODUCT_BUNDLE_IDENTIFIER = com.schlaug.TypeFeedback;
				PRODUCT_NAME = "$(TARGET_NAME)";
				PROVISIONING_PROFILE_SPECIFIER = "";
				SWIFT_VERSION = 5.0;
			};
			name = Debug;
		};
		96B785DA1E72D42A00ECABBC /* Release */ = {
			isa = XCBuildConfiguration;
			baseConfigurationReference = D85219FC36B2D6254A5E91CC /* Pods-TypeFeedback.release.xcconfig */;
			buildSettings = {
				ASSETCATALOG_COMPILER_APPICON_NAME = AppIcon;
				CODE_SIGN_ENTITLEMENTS = TypeFeedback/TypeFeedback.entitlements;
				CODE_SIGN_IDENTITY = "Apple Development";
				CODE_SIGN_STYLE = Automatic;
				COMBINE_HIDPI_IMAGES = YES;
				CURRENT_PROJECT_VERSION = 5;
				DEVELOPMENT_TEAM = M2N24428T4;
				ENABLE_HARDENED_RUNTIME = YES;
				INFOPLIST_FILE = TypeFeedback/Info.plist;
				LD_RUNPATH_SEARCH_PATHS = "$(inherited) @executable_path/../Frameworks";
				MACOSX_DEPLOYMENT_TARGET = 10.11;
				MARKETING_VERSION = 1.2;
				PRODUCT_BUNDLE_IDENTIFIER = com.schlaug.TypeFeedback;
				PRODUCT_NAME = "$(TARGET_NAME)";
				PROVISIONING_PROFILE_SPECIFIER = "";
				SWIFT_VERSION = 5.0;
			};
			name = Release;
		};
/* End XCBuildConfiguration section */

/* Begin XCConfigurationList section */
		96B785C41E72D42A00ECABBC /* Build configuration list for PBXProject "TypeFeedback" */ = {
			isa = XCConfigurationList;
			buildConfigurations = (
				96B785D61E72D42A00ECABBC /* Debug */,
				96B785D71E72D42A00ECABBC /* Release */,
			);
			defaultConfigurationIsVisible = 0;
			defaultConfigurationName = Release;
		};
		96B785D81E72D42A00ECABBC /* Build configuration list for PBXNativeTarget "TypeFeedback" */ = {
			isa = XCConfigurationList;
			buildConfigurations = (
				96B785D91E72D42A00ECABBC /* Debug */,
				96B785DA1E72D42A00ECABBC /* Release */,
			);
			defaultConfigurationIsVisible = 0;
			defaultConfigurationName = Release;
		};
/* End XCConfigurationList section */
	};
	rootObject = 96B785C11E72D42A00ECABBC /* Project object */;
}
